
Microsoft Visual Studio Solution File, Format Version 12.00
# Visual Studio Version 16
VisualStudioVersion = 16.0.31729.503
MinimumVisualStudioVersion = 10.0.40219.1
Project("{FAE04EC0-301F-11D3-BF4B-00C04F79EFBC}") = "ASP-Razor-Movies", "ASP-Razor-Movies.csproj", "{8DF6F14F-CB89-4451-9F8A-0817545EC547}"
EndProject
Global
	GlobalSection(SolutionConfigurationPlatforms) = preSolution
		Debug|Any CPU = Debug|Any CPU
		Release|Any CPU = Release|Any CPU
	EndGlobalSection
	GlobalSection(ProjectConfigurationPlatforms) = postSolution
		{8DF6F14F-CB89-4451-9F8A-0817545EC547}.Debug|Any CPU.ActiveCfg = Debug|Any CPU
		{8DF6F14F-CB89-4451-9F8A-0817545EC547}.Debug|Any CPU.Build.0 = Debug|Any CPU
		{8DF6F14F-CB89-4451-9F8A-0817545EC547}.Release|Any CPU.ActiveCfg = Release|Any CPU
		{8DF6F14F-CB89-4451-9F8A-0817545EC547}.Release|Any CPU.Build.0 = Release|Any CPU
	EndGlobalSection
	GlobalSection(SolutionProperties) = preSolution
		HideSolutionNode = FALSE
	EndGlobalSection
	GlobalSection(ExtensibilityGlobals) = postSolution
		SolutionGuid = {7893C6C1-D8B4-4C80-B496-03E8B661581D}
	EndGlobalSection
EndGlobal
